{
  "name": "zyx-env",
  "version": "0.21.4",
  "lockfileVersion": 3,
  "requires": true,
  "packages": {
    "": {
      "name": "zyx-env",
      "version": "0.21.4",
      "license": "MIT",
      "dependencies": {
        "topsecret": "^0.11.0"
      }
    },
    "node_modules/topsecret": {
      "version": "0.11.0",
      "resolved": "https://registry.npmjs.org/topsecret/-/topsecret-0.11.0.tgz",
      "integrity": "sha512-mwTjI4x0dZ07c77LdOeDGmPE9RhznEpLeeKWtwENIx8MJNFbKG9b1KhytjG9eRGB1F2jyMPgv4CO+KtHgnkhZg==",
      "license": "MIT"
    }
  }
}
