{
  "name": "zyx-env",
  "version": "0.21.2",
  "lockfileVersion": 3,
  "requires": true,
  "packages": {
    "": {
      "name": "zyx-env",
      "version": "0.21.2",
      "license": "MIT",
      "dependencies": {
        "topsecret": "^0.11.0",
        "zyx-schema": "^0.20.3",
        "zyx-system": "^0.20.1"
      }
    },
    "node_modules/topsecret": {
      "version": "0.11.0",
      "resolved": "https://registry.npmjs.org/topsecret/-/topsecret-0.11.0.tgz",
      "integrity": "sha512-mwTjI4x0dZ07c77LdOeDGmPE9RhznEpLeeKWtwENIx8MJNFbKG9b1KhytjG9eRGB1F2jyMPgv4CO+KtHgnkhZg==",
      "license": "MIT"
    },
    "node_modules/zyx-schema": {
      "version": "0.20.3",
      "resolved": "https://registry.npmjs.org/zyx-schema/-/zyx-schema-0.20.3.tgz",
      "integrity": "sha512-q5THrvtXfG/ZGkfm9kavqrb2m1aJ1gxVq5wF5xcuPnEULO3poDrUQpROH8ztZs0HqCS9U1Z3JhPteFiY6lFb/Q==",
      "license": "MIT",
      "dependencies": {
        "topsecret": "^0.11.0",
        "zyx-system": "^0.20.1"
      }
    },
    "node_modules/zyx-system": {
      "version": "0.20.1",
      "resolved": "https://registry.npmjs.org/zyx-system/-/zyx-system-0.20.1.tgz",
      "integrity": "sha512-OPoIh+2JaOwA8xtGVxQg5XBqiUak0lqI3XKOCcUQ6wDcJXF8/MySyMLaw2darDC/ss9IuiB6pRSyOPwPcnuuLw==",
      "license": "MIT"
    }
  }
}
